
Microsoft Visual Studio Solution File, Format Version 12.00
# Visual Studio Version 16
VisualStudioVersion = 16.0.31829.152
MinimumVisualStudioVersion = 10.0.40219.1
Project("{FAE04EC0-301F-11D3-BF4B-00C04F79EFBC}") = "LyftProduct", "LyftProduct\LyftProduct.csproj", "{E32E549A-FBBC-45BA-B3D4-DCB9A1B5880B}"
EndProject
Global
	GlobalSection(SolutionConfigurationPlatforms) = preSolution
		Debug|Any CPU = Debug|Any CPU
		Release|Any CPU = Release|Any CPU
	EndGlobalSection
	GlobalSection(ProjectConfigurationPlatforms) = postSolution
		{E32E549A-FBBC-45BA-B3D4-DCB9A1B5880B}.Debug|Any CPU.ActiveCfg = Debug|Any CPU
		{E32E549A-FBBC-45BA-B3D4-DCB9A1B5880B}.Debug|Any CPU.Build.0 = Debug|Any CPU
		{E32E549A-FBBC-45BA-B3D4-DCB9A1B5880B}.Release|Any CPU.ActiveCfg = Release|Any CPU
		{E32E549A-FBBC-45BA-B3D4-DCB9A1B5880B}.Release|Any CPU.Build.0 = Release|Any CPU
	EndGlobalSection
	GlobalSection(SolutionProperties) = preSolution
		HideSolutionNode = FALSE
	EndGlobalSection
	GlobalSection(ExtensibilityGlobals) = postSolution
		SolutionGuid = {F4E1F8C6-2285-468E-93C7-84990F0AFBA7}
	EndGlobalSection
EndGlobal
